
Microsoft Visual Studio Solution File, Format Version 12.00
# Visual Studio 15
VisualStudioVersion = 15.0.28307.168
MinimumVisualStudioVersion = 10.0.40219.1
Project("{FAE04EC0-301F-11D3-BF4B-00C04F79EFBC}") = "Bolighoesteren", "Bolighoesteren\Bolighoesteren.csproj", "{21E8D5F9-FF20-4723-AAF9-67AFF0E7135D}"
EndProject
Project("{54435603-DBB4-11D2-8724-00A0C9A8B90C}") = "Bolighoesteren-Setup", "Bolighoesteren-Setup\Bolighoesteren-Setup.vdproj", "{0E2EFD5D-FB3F-4D41-B29C-569EE3AD869F}"
EndProject
Global
	GlobalSection(SolutionConfigurationPlatforms) = preSolution
		Debug|Any CPU = Debug|Any CPU
		Release|Any CPU = Release|Any CPU
	EndGlobalSection
	GlobalSection(ProjectConfigurationPlatforms) = postSolution
		{21E8D5F9-FF20-4723-AAF9-67AFF0E7135D}.Debug|Any CPU.ActiveCfg = Debug|Any CPU
		{21E8D5F9-FF20-4723-AAF9-67AFF0E7135D}.Debug|Any CPU.Build.0 = Debug|Any CPU
		{21E8D5F9-FF20-4723-AAF9-67AFF0E7135D}.Release|Any CPU.ActiveCfg = Release|Any CPU
		{21E8D5F9-FF20-4723-AAF9-67AFF0E7135D}.Release|Any CPU.Build.0 = Release|Any CPU
		{0E2EFD5D-FB3F-4D41-B29C-569EE3AD869F}.Debug|Any CPU.ActiveCfg = Debug
		{0E2EFD5D-FB3F-4D41-B29C-569EE3AD869F}.Release|Any CPU.ActiveCfg = Release
	EndGlobalSection
	GlobalSection(SolutionProperties) = preSolution
		HideSolutionNode = FALSE
	EndGlobalSection
	GlobalSection(ExtensibilityGlobals) = postSolution
		SolutionGuid = {7C2470E5-6FF1-4573-BD28-636067D53F80}
	EndGlobalSection
EndGlobal
